
Microsoft Visual Studio Solution File, Format Version 12.00
# Visual Studio Version 16
VisualStudioVersion = 16.0.30002.166
MinimumVisualStudioVersion = 10.0.40219.1
Project("{FAE04EC0-301F-11D3-BF4B-00C04F79EFBC}") = "MoodleQuiz", "MoodleQuiz\MoodleQuiz.csproj", "{29EDA546-5BFA-40FA-8D02-53B83FD37917}"
EndProject
Project("{FAE04EC0-301F-11D3-BF4B-00C04F79EFBC}") = "MoodleQuizTests", "MoodleQuizTests\MoodleQuizTests.csproj", "{8755ECF3-5709-49FF-B48D-A7DFCCEC5ADB}"
EndProject
Global
	GlobalSection(SolutionConfigurationPlatforms) = preSolution
		Debug|Any CPU = Debug|Any CPU
		Release|Any CPU = Release|Any CPU
	EndGlobalSection
	GlobalSection(ProjectConfigurationPlatforms) = postSolution
		{29EDA546-5BFA-40FA-8D02-53B83FD37917}.Debug|Any CPU.ActiveCfg = Debug|Any CPU
		{29EDA546-5BFA-40FA-8D02-53B83FD37917}.Debug|Any CPU.Build.0 = Debug|Any CPU
		{29EDA546-5BFA-40FA-8D02-53B83FD37917}.Release|Any CPU.ActiveCfg = Release|Any CPU
		{29EDA546-5BFA-40FA-8D02-53B83FD37917}.Release|Any CPU.Build.0 = Release|Any CPU
		{8755ECF3-5709-49FF-B48D-A7DFCCEC5ADB}.Debug|Any CPU.ActiveCfg = Debug|Any CPU
		{8755ECF3-5709-49FF-B48D-A7DFCCEC5ADB}.Debug|Any CPU.Build.0 = Debug|Any CPU
		{8755ECF3-5709-49FF-B48D-A7DFCCEC5ADB}.Release|Any CPU.ActiveCfg = Release|Any CPU
		{8755ECF3-5709-49FF-B48D-A7DFCCEC5ADB}.Release|Any CPU.Build.0 = Release|Any CPU
	EndGlobalSection
	GlobalSection(SolutionProperties) = preSolution
		HideSolutionNode = FALSE
	EndGlobalSection
	GlobalSection(ExtensibilityGlobals) = postSolution
		SolutionGuid = {7EC7CFC7-3351-4F55-A831-A38F5409AED1}
	EndGlobalSection
EndGlobal
